
Microsoft Visual Studio Solution File, Format Version 12.00
# Visual Studio Version 17
VisualStudioVersion = 17.11.35312.102
MinimumVisualStudioVersion = 10.0.40219.1
Project("{FAE04EC0-301F-11D3-BF4B-00C04F79EFBC}") = "WindowsFormsApp1", "WindowsFormsApp1\WindowsFormsApp1.csproj", "{DB914E1A-8F7A-4AE0-9394-3C2D809708A4}"
EndProject
Global
	GlobalSection(SolutionConfigurationPlatforms) = preSolution
		Debug|Any CPU = Debug|Any CPU
		Release|Any CPU = Release|Any CPU
	EndGlobalSection
	GlobalSection(ProjectConfigurationPlatforms) = postSolution
		{DB914E1A-8F7A-4AE0-9394-3C2D809708A4}.Debug|Any CPU.ActiveCfg = Debug|Any CPU
		{DB914E1A-8F7A-4AE0-9394-3C2D809708A4}.Debug|Any CPU.Build.0 = Debug|Any CPU
		{DB914E1A-8F7A-4AE0-9394-3C2D809708A4}.Release|Any CPU.ActiveCfg = Release|Any CPU
		{DB914E1A-8F7A-4AE0-9394-3C2D809708A4}.Release|Any CPU.Build.0 = Release|Any CPU
	EndGlobalSection
	GlobalSection(SolutionProperties) = preSolution
		HideSolutionNode = FALSE
	EndGlobalSection
	GlobalSection(ExtensibilityGlobals) = postSolution
		SolutionGuid = {BE69C50B-0F59-4807-9557-5DC19D44C69E}
	EndGlobalSection
EndGlobal
