
Microsoft Visual Studio Solution File, Format Version 12.00
# Visual Studio Version 17
VisualStudioVersion = 17.11.35312.102
MinimumVisualStudioVersion = 10.0.40219.1
Project("{FAE04EC0-301F-11D3-BF4B-00C04F79EFBC}") = "ConsoleApp1", "ConsoleApp1\ConsoleApp1.csproj", "{8F30DC44-AF04-4DE3-BF7E-C180AB5225FA}"
EndProject
Global
	GlobalSection(SolutionConfigurationPlatforms) = preSolution
		Debug|Any CPU = Debug|Any CPU
		Release|Any CPU = Release|Any CPU
	EndGlobalSection
	GlobalSection(ProjectConfigurationPlatforms) = postSolution
		{8F30DC44-AF04-4DE3-BF7E-C180AB5225FA}.Debug|Any CPU.ActiveCfg = Debug|Any CPU
		{8F30DC44-AF04-4DE3-BF7E-C180AB5225FA}.Debug|Any CPU.Build.0 = Debug|Any CPU
		{8F30DC44-AF04-4DE3-BF7E-C180AB5225FA}.Release|Any CPU.ActiveCfg = Release|Any CPU
		{8F30DC44-AF04-4DE3-BF7E-C180AB5225FA}.Release|Any CPU.Build.0 = Release|Any CPU
	EndGlobalSection
	GlobalSection(SolutionProperties) = preSolution
		HideSolutionNode = FALSE
	EndGlobalSection
	GlobalSection(ExtensibilityGlobals) = postSolution
		SolutionGuid = {8B7A9A38-27ED-4D1F-8BCE-4D02E3211F55}
	EndGlobalSection
EndGlobal
